{
  "requires": true,
  "lockfileVersion": 1,
  "dependencies": {
    "jquery": {
      "version": "3.6.0",
      "resolved": "https://registry.npmjs.org/jquery/-/jquery-3.6.0.tgz",
      "integrity": "sha512-JVzAR/AjBvVt2BmYhxRCSYysDsPcssdmTFnzyLEts9qNwmjmu4JTAMYubEfwVOSwpQ1I1sKKFcxhZCI2buerfw=="
    },
    "monaco-editor": {
      "version": "0.26.1",
      "resolved": "https://registry.npmjs.org/monaco-editor/-/monaco-editor-0.26.1.tgz",
      "integrity": "sha512-mm45nUrBDk0DgZKgbD7+bhDOtcAFNGPJJRAdS6Su1kTGl6XEgC7U3xOmDUW/0RrLf+jlvCGaqLvD4p2VjwuwwQ=="
    }
  }
}
