{
  "requires": true,
  "lockfileVersion": 1,
  "dependencies": {
    "@toast-ui/editor": {
      "version": "3.1.3",
      "resolved": "https://registry.npmjs.org/@toast-ui/editor/-/editor-3.1.3.tgz",
      "integrity": "sha512-4W8nKIhct4bGOKNMkYY2nGzt2k+8LUWlINwGZvCbNgIo6WKlcOarsbWD0o8stOAleaq2TeG6ixIvYK/wTG0OxA==",
      "requires": {
        "dompurify": "^2.3.3",
        "prosemirror-commands": "^1.1.9",
        "prosemirror-history": "^1.1.3",
        "prosemirror-inputrules": "^1.1.3",
        "prosemirror-keymap": "^1.1.4",
        "prosemirror-model": "^1.14.1",
        "prosemirror-state": "^1.3.4",
        "prosemirror-view": "^1.18.7"
      }
    },
    "dompurify": {
      "version": "2.3.6",
      "resolved": "https://registry.npmjs.org/dompurify/-/dompurify-2.3.6.tgz",
      "integrity": "sha512-OFP2u/3T1R5CEgWCEONuJ1a5+MFKnOYpkywpUSxv/dj1LeBT1erK+JwM7zK0ROy2BRhqVCf0LRw/kHqKuMkVGg=="
    },
    "orderedmap": {
      "version": "1.1.5",
      "resolved": "https://registry.npmjs.org/orderedmap/-/orderedmap-1.1.5.tgz",
      "integrity": "sha512-/fzlCGKRmfayGoI9UUXvJfc2nMZlJHW30QqEvwPvlg8tsX7jyiUSomYie6mYqx7Z9bOMGoag0H/q1PS/0PjYkg=="
    },
    "prosemirror-commands": {
      "version": "1.2.2",
      "resolved": "https://registry.npmjs.org/prosemirror-commands/-/prosemirror-commands-1.2.2.tgz",
      "integrity": "sha512-TX+KpWudMon06frryfpO/u7hsQv2hu8L4VSVbCpi3/7wXHBgl+35mV85qfa3RpT8xD2f3MdeoTqH0vy5JdbXPg==",
      "requires": {
        "prosemirror-model": "^1.0.0",
        "prosemirror-state": "^1.0.0",
        "prosemirror-transform": "^1.0.0"
      }
    },
    "prosemirror-history": {
      "version": "1.2.0",
      "resolved": "https://registry.npmjs.org/prosemirror-history/-/prosemirror-history-1.2.0.tgz",
      "integrity": "sha512-B9v9xtf4fYbKxQwIr+3wtTDNLDZcmMMmGiI3TAPShnUzvo+Rmv1GiUrsQChY1meetHl7rhML2cppF3FTs7f7UQ==",
      "requires": {
        "prosemirror-state": "^1.2.2",
        "prosemirror-transform": "^1.0.0",
        "rope-sequence": "^1.3.0"
      }
    },
    "prosemirror-inputrules": {
      "version": "1.1.3",
      "resolved": "https://registry.npmjs.org/prosemirror-inputrules/-/prosemirror-inputrules-1.1.3.tgz",
      "integrity": "sha512-ZaHCLyBtvbyIHv0f5p6boQTIJjlD6o2NPZiEaZWT2DA+j591zS29QQEMT4lBqwcLW3qRSf7ZvoKNbf05YrsStw==",
      "requires": {
        "prosemirror-state": "^1.0.0",
        "prosemirror-transform": "^1.0.0"
      }
    },
    "prosemirror-keymap": {
      "version": "1.1.5",
      "resolved": "https://registry.npmjs.org/prosemirror-keymap/-/prosemirror-keymap-1.1.5.tgz",
      "integrity": "sha512-8SZgPH3K+GLsHL2wKuwBD9rxhsbnVBTwpHCO4VUO5GmqUQlxd/2GtBVWTsyLq4Dp3N9nGgPd3+lZFKUDuVp+Vw==",
      "requires": {
        "prosemirror-state": "^1.0.0",
        "w3c-keyname": "^2.2.0"
      }
    },
    "prosemirror-model": {
      "version": "1.16.1",
      "resolved": "https://registry.npmjs.org/prosemirror-model/-/prosemirror-model-1.16.1.tgz",
      "integrity": "sha512-r1/w0HDU40TtkXp0DyKBnFPYwd8FSlUSJmGCGFv4DeynfeSlyQF2FD0RQbVEMOe6P3PpUSXM6LZBV7W/YNZ4mA==",
      "requires": {
        "orderedmap": "^1.1.0"
      }
    },
    "prosemirror-state": {
      "version": "1.3.4",
      "resolved": "https://registry.npmjs.org/prosemirror-state/-/prosemirror-state-1.3.4.tgz",
      "integrity": "sha512-Xkkrpd1y/TQ6HKzN3agsQIGRcLckUMA9u3j207L04mt8ToRgpGeyhbVv0HI7omDORIBHjR29b7AwlATFFf2GLA==",
      "requires": {
        "prosemirror-model": "^1.0.0",
        "prosemirror-transform": "^1.0.0"
      }
    },
    "prosemirror-transform": {
      "version": "1.4.0",
      "resolved": "https://registry.npmjs.org/prosemirror-transform/-/prosemirror-transform-1.4.0.tgz",
      "integrity": "sha512-P+bv4JiLHcRy4krHByUglXR1yAMCuzHRAaSKInsoW7Rjy3aomPXM/MwRs+b7TGtC1e6ZM31KbapbvE4wV1X9RA==",
      "requires": {
        "prosemirror-model": "^1.0.0"
      }
    },
    "prosemirror-view": {
      "version": "1.23.10",
      "resolved": "https://registry.npmjs.org/prosemirror-view/-/prosemirror-view-1.23.10.tgz",
      "integrity": "sha512-/p8Orb1VeJEbf7Z/BltU9GMWADZRqKlna6TlQGK1snJ6fTdLRC4f4yF2MgNK4OMQjmAwJISUtEp5+Vu5CSbR1w==",
      "requires": {
        "prosemirror-model": "^1.16.0",
        "prosemirror-state": "^1.0.0",
        "prosemirror-transform": "^1.1.0"
      }
    },
    "rope-sequence": {
      "version": "1.3.2",
      "resolved": "https://registry.npmjs.org/rope-sequence/-/rope-sequence-1.3.2.tgz",
      "integrity": "sha512-ku6MFrwEVSVmXLvy3dYph3LAMNS0890K7fabn+0YIRQ2T96T9F4gkFf0vf0WW0JUraNWwGRtInEpH7yO4tbQZg=="
    },
    "w3c-keyname": {
      "version": "2.2.4",
      "resolved": "https://registry.npmjs.org/w3c-keyname/-/w3c-keyname-2.2.4.tgz",
      "integrity": "sha512-tOhfEwEzFLJzf6d1ZPkYfGj+FWhIpBux9ppoP3rlclw3Z0BZv3N7b7030Z1kYth+6rDuAsXUFr+d0VE6Ed1ikw=="
    }
  }
}
